
Microsoft Visual Studio Solution File, Format Version 12.00
# Visual Studio 15
VisualStudioVersion = 15.0.28307.705
MinimumVisualStudioVersion = 10.0.40219.1
Project("{FAE04EC0-301F-11D3-BF4B-00C04F79EFBC}") = "TokenBasedAuthentication", "TokenBasedAuthentication\TokenBasedAuthentication.csproj", "{B768C2AF-865A-4688-A440-C315A8924BAE}"
EndProject
Global
	GlobalSection(SolutionConfigurationPlatforms) = preSolution
		Debug|Any CPU = Debug|Any CPU
		Release|Any CPU = Release|Any CPU
	EndGlobalSection
	GlobalSection(ProjectConfigurationPlatforms) = postSolution
		{B768C2AF-865A-4688-A440-C315A8924BAE}.Debug|Any CPU.ActiveCfg = Debug|Any CPU
		{B768C2AF-865A-4688-A440-C315A8924BAE}.Debug|Any CPU.Build.0 = Debug|Any CPU
		{B768C2AF-865A-4688-A440-C315A8924BAE}.Release|Any CPU.ActiveCfg = Release|Any CPU
		{B768C2AF-865A-4688-A440-C315A8924BAE}.Release|Any CPU.Build.0 = Release|Any CPU
	EndGlobalSection
	GlobalSection(SolutionProperties) = preSolution
		HideSolutionNode = FALSE
	EndGlobalSection
	GlobalSection(ExtensibilityGlobals) = postSolution
		SolutionGuid = {26B35F35-FDB4-471A-B455-9A5FB115B2BC}
	EndGlobalSection
EndGlobal
